
Microsoft Visual Studio Solution File, Format Version 12.00
# Visual Studio Version 17
VisualStudioVersion = 17.13.35806.99
MinimumVisualStudioVersion = 10.0.40219.1
Project("{FAE04EC0-301F-11D3-BF4B-00C04F79EFBC}") = "DbUpSqlServerPOC", "DbUpSqlServerPOC.csproj", "{C44A11D1-E3F1-4C55-D547-A2978850B2F4}"
EndProject
Project("{2150E333-8FDC-42A3-9474-1A3956D46DE8}") = "Terraform", "Terraform", "{02EA681E-C7D8-13C7-8484-4AC65E1B71E8}"
	ProjectSection(SolutionItems) = preProject
		main.tf = main.tf
	EndProjectSection
EndProject
Project("{2150E333-8FDC-42A3-9474-1A3956D46DE8}") = ".github", ".github", "{89639CC8-97AF-447B-BA91-A6D303A42AC9}"
EndProject
Project("{2150E333-8FDC-42A3-9474-1A3956D46DE8}") = "workflows", "workflows", "{CE694A24-3B04-4755-A60A-E2353F58EB4E}"
	ProjectSection(SolutionItems) = preProject
		deploy-dbup.yaml = deploy-dbup.yaml
	EndProjectSection
EndProject
Project("{2150E333-8FDC-42A3-9474-1A3956D46DE8}") = "Solution Items", "Solution Items", "{8EC462FD-D22E-90A8-E5CE-7E832BA40C5D}"
	ProjectSection(SolutionItems) = preProject
		buildspec.yml = buildspec.yml
	EndProjectSection
EndProject
Global
	GlobalSection(SolutionConfigurationPlatforms) = preSolution
		Debug|Any CPU = Debug|Any CPU
		Release|Any CPU = Release|Any CPU
	EndGlobalSection
	GlobalSection(ProjectConfigurationPlatforms) = postSolution
		{C44A11D1-E3F1-4C55-D547-A2978850B2F4}.Debug|Any CPU.ActiveCfg = Debug|Any CPU
		{C44A11D1-E3F1-4C55-D547-A2978850B2F4}.Debug|Any CPU.Build.0 = Debug|Any CPU
		{C44A11D1-E3F1-4C55-D547-A2978850B2F4}.Release|Any CPU.ActiveCfg = Release|Any CPU
		{C44A11D1-E3F1-4C55-D547-A2978850B2F4}.Release|Any CPU.Build.0 = Release|Any CPU
	EndGlobalSection
	GlobalSection(SolutionProperties) = preSolution
		HideSolutionNode = FALSE
	EndGlobalSection
	GlobalSection(NestedProjects) = preSolution
		{02EA681E-C7D8-13C7-8484-4AC65E1B71E8} = {8EC462FD-D22E-90A8-E5CE-7E832BA40C5D}
		{89639CC8-97AF-447B-BA91-A6D303A42AC9} = {8EC462FD-D22E-90A8-E5CE-7E832BA40C5D}
		{CE694A24-3B04-4755-A60A-E2353F58EB4E} = {89639CC8-97AF-447B-BA91-A6D303A42AC9}
	EndGlobalSection
	GlobalSection(ExtensibilityGlobals) = postSolution
		SolutionGuid = {EF6403BA-BEDB-4161-A4CC-86A32AA7F52D}
	EndGlobalSection
EndGlobal
